github.com/akolb1/gometastore v0.0.0-20221218020403-aaa7217ecd00 h1:KR1dKK74tWWYVo5OBav4Fo5iO8Vh9HoIRA2noUK5tN0=
github.com/akolb1/gometastore v0.0.0-20221218020403-aaa7217ecd00/go.mod h1:mdTAY/BIdq55FihYydBqwcXSd7QHl7oGSa+W7T/L88c=
github.com/apache/thrift v0.18.1 h1:lNhK/1nqjbwbiOPDBPFJVKxgDEGSepKuTh6OLiXW8kg=
github.com/apache/thrift v0.18.1/go.mod h1:rdQn/dCcDKEWjjylUeueum4vQEjG2v8v2PqriUnbr+I=
